// !$*UTF8*$!
{
	archiveVersion = 1;
	classes = {
	};
	objectVersion = 46;
	objects = {

/* Begin PBXBuildFile section */
		84EE8F2D1A0B4C430053369D /* main.m in Sources */ = {isa = PBXBuildFile; fileRef = 84EE8F2C1A0B4C430053369D /* main.m */; };
		84EE8F301A0B4C430053369D /* AppDelegate.m in Sources */ = {isa = PBXBuildFile; fileRef = 84EE8F2F1A0B4C430053369D /* AppDelegate.m */; };
		84EE8F331A0B4C430053369D /* ViewController.m in Sources */ = {isa = PBXBuildFile; fileRef = 84EE8F321A0B4C430053369D /* ViewController.m */; };
		84EE8F361A0B4C430053369D /* Main.storyboard in Resources */ = {isa = PBXBuildFile; fileRef = 84EE8F341A0B4C430053369D /* Main.storyboard */; };
		84EE8F381A0B4C430053369D /* Images.xcassets in Resources */ = {isa = PBXBuildFile; fileRef = 84EE8F371A0B4C430053369D /* Images.xcassets */; };
		84EE8F3B1A0B4C430053369D /* LaunchScreen.xib in Resources */ = {isa = PBXBuildFile; fileRef = 84EE8F391A0B4C430053369D /* LaunchScreen.xib */; };
		84EE8F471A0B4C430053369D /* CustomUITestAppTests.m in Sources */ = {isa = PBXBuildFile; fileRef = 84EE8F461A0B4C430053369D /* CustomUITestAppTests.m */; };
		84EE8F6A1A0B5B040053369D /* CustomUI.framework in Frameworks */ = {isa = PBXBuildFile; fileRef = 84EE8F691A0B5B040053369D /* CustomUI.framework */; };
/* End PBXBuildFile section */

/* Begin PBXContainerItemProxy section */
		84EE8F411A0B4C430053369D /* PBXContainerItemProxy */ = {
			isa = PBXContainerItemProxy;
			containerPortal = 84EE8F1F1A0B4C430053369D /* Project object */;
			proxyType = 1;
			remoteGlobalIDString = 84EE8F261A0B4C430053369D;
			remoteInfo = CustomUITestApp;
		};
/* End PBXContainerItemProxy section */

/* Begin PBXFileReference section */
		84EE8F271A0B4C430053369D /* CustomUITestApp.app */ = {isa = PBXFileReference; explicitFileType = wrapper.application; includeInIndex = 0; path = CustomUITestApp.app; sourceTree = BUILT_PRODUCTS_DIR; };
		84EE8F2B1A0B4C430053369D /* Info.plist */ = {isa = PBXFileReference; lastKnownFileType = text.plist.xml; path = Info.plist; sourceTree = "<group>"; };
		84EE8F2C1A0B4C430053369D /* main.m */ = {isa = PBXFileReference; lastKnownFileType = sourcecode.c.objc; path = main.m; sourceTree = "<group>"; };
		84EE8F2E1A0B4C430053369D /* AppDelegate.h */ = {isa = PBXFileReference; lastKnownFileType = sourcecode.c.h; path = AppDelegate.h; sourceTree = "<group>"; };
		84EE8F2F1A0B4C430053369D /* AppDelegate.m */ = {isa = PBXFileReference; lastKnownFileType = sourcecode.c.objc; path = AppDelegate.m; sourceTree = "<group>"; };
		84EE8F311A0B4C430053369D /* ViewController.h */ = {isa = PBXFileReference; lastKnownFileType = sourcecode.c.h; path = ViewController.h; sourceTree = "<group>"; };
		84EE8F321A0B4C430053369D /* ViewController.m */ = {isa = PBXFileReference; lastKnownFileType = sourcecode.c.objc; path = ViewController.m; sourceTree = "<group>"; };
		84EE8F351A0B4C430053369D /* Base */ = {isa = PBXFileReference; lastKnownFileType = file.storyboard; name = Base; path = Base.lproj/Main.storyboard; sourceTree = "<group>"; };
		84EE8F371A0B4C430053369D /* Images.xcassets */ = {isa = PBXFileReference; lastKnownFileType = folder.assetcatalog; path = Images.xcassets; sourceTree = "<group>"; };
		84EE8F3A1A0B4C430053369D /* Base */ = {isa = PBXFileReference; lastKnownFileType = file.xib; name = Base; path = Base.lproj/LaunchScreen.xib; sourceTree = "<group>"; };
		84EE8F401A0B4C430053369D /* CustomUITestAppTests.xctest */ = {isa = PBXFileReference; explicitFileType = wrapper.cfbundle; includeInIndex = 0; path = CustomUITestAppTests.xctest; sourceTree = BUILT_PRODUCTS_DIR; };
		84EE8F451A0B4C430053369D /* Info.plist */ = {isa = PBXFileReference; lastKnownFileType = text.plist.xml; path = Info.plist; sourceTree = "<group>"; };
		84EE8F461A0B4C430053369D /* CustomUITestAppTests.m */ = {isa = PBXFileReference; lastKnownFileType = sourcecode.c.objc; path = CustomUITestAppTests.m; sourceTree = "<group>"; };
		84EE8F691A0B5B040053369D /* CustomUI.framework */ = {isa = PBXFileReference; lastKnownFileType = wrapper.framework; path = CustomUI.framework; sourceTree = "<group>"; };
/* End PBXFileReference section */

/* Begin PBXFrameworksBuildPhase section */
		84EE8F241A0B4C430053369D /* Frameworks */ = {
			isa = PBXFrameworksBuildPhase;
			buildActionMask = 2147483647;
			files = (
				84EE8F6A1A0B5B040053369D /* CustomUI.framework in Frameworks */,
			);
			runOnlyForDeploymentPostprocessing = 0;
		};
		84EE8F3D1A0B4C430053369D /* Frameworks */ = {
			isa = PBXFrameworksBuildPhase;
			buildActionMask = 2147483647;
			files = (
			);
			runOnlyForDeploymentPostprocessing = 0;
		};
/* End PBXFrameworksBuildPhase section */

/* Begin PBXGroup section */
		84EE8F1E1A0B4C430053369D = {
			isa = PBXGroup;
			children = (
				84EE8F291A0B4C430053369D /* CustomUITestApp */,
				84EE8F431A0B4C430053369D /* CustomUITestAppTests */,
				84EE8F281A0B4C430053369D /* Products */,
			);
			sourceTree = "<group>";
		};
		84EE8F281A0B4C430053369D /* Products */ = {
			isa = PBXGroup;
			children = (
				84EE8F271A0B4C430053369D /* CustomUITestApp.app */,
				84EE8F401A0B4C430053369D /* CustomUITestAppTests.xctest */,
			);
			name = Products;
			sourceTree = "<group>";
		};
		84EE8F291A0B4C430053369D /* CustomUITestApp */ = {
			isa = PBXGroup;
			children = (
				84EE8F521A0B4CBD0053369D /* Framework */,
				84EE8F2E1A0B4C430053369D /* AppDelegate.h */,
				84EE8F2F1A0B4C430053369D /* AppDelegate.m */,
				84EE8F311A0B4C430053369D /* ViewController.h */,
				84EE8F321A0B4C430053369D /* ViewController.m */,
				84EE8F341A0B4C430053369D /* Main.storyboard */,
				84EE8F371A0B4C430053369D /* Images.xcassets */,
				84EE8F391A0B4C430053369D /* LaunchScreen.xib */,
				84EE8F2A1A0B4C430053369D /* Supporting Files */,
			);
			path = CustomUITestApp;
			sourceTree = "<group>";
		};
		84EE8F2A1A0B4C430053369D /* Supporting Files */ = {
			isa = PBXGroup;
			children = (
				84EE8F2B1A0B4C430053369D /* Info.plist */,
				84EE8F2C1A0B4C430053369D /* main.m */,
			);
			name = "Supporting Files";
			sourceTree = "<group>";
		};
		84EE8F431A0B4C430053369D /* CustomUITestAppTests */ = {
			isa = PBXGroup;
			children = (
				84EE8F461A0B4C430053369D /* CustomUITestAppTests.m */,
				84EE8F441A0B4C430053369D /* Supporting Files */,
			);
			path = CustomUITestAppTests;
			sourceTree = "<group>";
		};
		84EE8F441A0B4C430053369D /* Supporting Files */ = {
			isa = PBXGroup;
			children = (
				84EE8F451A0B4C430053369D /* Info.plist */,
			);
			name = "Supporting Files";
			sourceTree = "<group>";
		};
		84EE8F521A0B4CBD0053369D /* Framework */ = {
			isa = PBXGroup;
			children = (
				84EE8F691A0B5B040053369D /* CustomUI.framework */,
			);
			name = Framework;
			sourceTree = "<group>";
		};
/* End PBXGroup section */

/* Begin PBXNativeTarget section */
		84EE8F261A0B4C430053369D /* CustomUITestApp */ = {
			isa = PBXNativeTarget;
			buildConfigurationList = 84EE8F4A1A0B4C430053369D /* Build configuration list for PBXNativeTarget "CustomUITestApp" */;
			buildPhases = (
				84EE8F231A0B4C430053369D /* Sources */,
				84EE8F241A0B4C430053369D /* Frameworks */,
				84EE8F251A0B4C430053369D /* Resources */,
			);
			buildRules = (
			);
			dependencies = (
			);
			name = CustomUITestApp;
			productName = CustomUITestApp;
			productReference = 84EE8F271A0B4C430053369D /* CustomUITestApp.app */;
			productType = "com.apple.product-type.application";
		};
		84EE8F3F1A0B4C430053369D /* CustomUITestAppTests */ = {
			isa = PBXNativeTarget;
			buildConfigurationList = 84EE8F4D1A0B4C430053369D /* Build configuration list for PBXNativeTarget "CustomUITestAppTests" */;
			buildPhases = (
				84EE8F3C1A0B4C430053369D /* Sources */,
				84EE8F3D1A0B4C430053369D /* Frameworks */,
				84EE8F3E1A0B4C430053369D /* Resources */,
			);
			buildRules = (
			);
			dependencies = (
				84EE8F421A0B4C430053369D /* PBXTargetDependency */,
			);
			name = CustomUITestAppTests;
			productName = CustomUITestAppTests;
			productReference = 84EE8F401A0B4C430053369D /* CustomUITestAppTests.xctest */;
			productType = "com.apple.product-type.bundle.unit-test";
		};
/* End PBXNativeTarget section */

/* Begin PBXProject section */
		84EE8F1F1A0B4C430053369D /* Project object */ = {
			isa = PBXProject;
			attributes = {
				LastUpgradeCheck = 0610;
				ORGANIZATIONNAME = JayLei;
				TargetAttributes = {
					84EE8F261A0B4C430053369D = {
						CreatedOnToolsVersion = 6.1;
					};
					84EE8F3F1A0B4C430053369D = {
						CreatedOnToolsVersion = 6.1;
						TestTargetID = 84EE8F261A0B4C430053369D;
					};
				};
			};
			buildConfigurationList = 84EE8F221A0B4C430053369D /* Build configuration list for PBXProject "CustomUITestApp" */;
			compatibilityVersion = "Xcode 3.2";
			developmentRegion = English;
			hasScannedForEncodings = 0;
			knownRegions = (
				en,
				Base,
			);
			mainGroup = 84EE8F1E1A0B4C430053369D;
			productRefGroup = 84EE8F281A0B4C430053369D /* Products */;
			projectDirPath = "";
			projectRoot = "";
			targets = (
				84EE8F261A0B4C430053369D /* CustomUITestApp */,
				84EE8F3F1A0B4C430053369D /* CustomUITestAppTests */,
			);
		};
/* End PBXProject section */

/* Begin PBXResourcesBuildPhase section */
		84EE8F251A0B4C430053369D /* Resources */ = {
			isa = PBXResourcesBuildPhase;
			buildActionMask = 2147483647;
			files = (
				84EE8F361A0B4C430053369D /* Main.storyboard in Resources */,
				84EE8F3B1A0B4C430053369D /* LaunchScreen.xib in Resources */,
				84EE8F381A0B4C430053369D /* Images.xcassets in Resources */,
			);
			runOnlyForDeploymentPostprocessing = 0;
		};
		84EE8F3E1A0B4C430053369D /* Resources */ = {
			isa = PBXResourcesBuildPhase;
			buildActionMask = 2147483647;
			files = (
			);
			runOnlyForDeploymentPostprocessing = 0;
		};
/* End PBXResourcesBuildPhase section */

/* Begin PBXSourcesBuildPhase section */
		84EE8F231A0B4C430053369D /* Sources */ = {
			isa = PBXSourcesBuildPhase;
			buildActionMask = 2147483647;
			files = (
				84EE8F331A0B4C430053369D /* ViewController.m in Sources */,
				84EE8F301A0B4C430053369D /* AppDelegate.m in Sources */,
				84EE8F2D1A0B4C430053369D /* main.m in Sources */,
			);
			runOnlyForDeploymentPostprocessing = 0;
		};
		84EE8F3C1A0B4C430053369D /* Sources */ = {
			isa = PBXSourcesBuildPhase;
			buildActionMask = 2147483647;
			files = (
				84EE8F471A0B4C430053369D /* CustomUITestAppTests.m in Sources */,
			);
			runOnlyForDeploymentPostprocessing = 0;
		};
/* End PBXSourcesBuildPhase section */

/* Begin PBXTargetDependency section */
		84EE8F421A0B4C430053369D /* PBXTargetDependency */ = {
			isa = PBXTargetDependency;
			target = 84EE8F261A0B4C430053369D /* CustomUITestApp */;
			targetProxy = 84EE8F411A0B4C430053369D /* PBXContainerItemProxy */;
		};
/* End PBXTargetDependency section */

/* Begin PBXVariantGroup section */
		84EE8F341A0B4C430053369D /* Main.storyboard */ = {
			isa = PBXVariantGroup;
			children = (
				84EE8F351A0B4C430053369D /* Base */,
			);
			name = Main.storyboard;
			sourceTree = "<group>";
		};
		84EE8F391A0B4C430053369D /* LaunchScreen.xib */ = {
			isa = PBXVariantGroup;
			children = (
				84EE8F3A1A0B4C430053369D /* Base */,
			);
			name = LaunchScreen.xib;
			sourceTree = "<group>";
		};
/* End PBXVariantGroup section */

/* Begin XCBuildConfiguration section */
		84EE8F481A0B4C430053369D /* Debug */ = {
			isa = XCBuildConfiguration;
			buildSettings = {
				ALWAYS_SEARCH_USER_PATHS = NO;
				CLANG_CXX_LANGUAGE_STANDARD = "gnu++0x";
				CLANG_CXX_LIBRARY = "libc++";
				CLANG_ENABLE_MODULES = YES;
				CLANG_ENABLE_OBJC_ARC = YES;
				CLANG_WARN_BOOL_CONVERSION = YES;
				CLANG_WARN_CONSTANT_CONVERSION = YES;
				CLANG_WARN_DIRECT_OBJC_ISA_USAGE = YES_ERROR;
				CLANG_WARN_EMPTY_BODY = YES;
				CLANG_WARN_ENUM_CONVERSION = YES;
				CLANG_WARN_INT_CONVERSION = YES;
				CLANG_WARN_OBJC_ROOT_CLASS = YES_ERROR;
				CLANG_WARN_UNREACHABLE_CODE = YES;
				CLANG_WARN__DUPLICATE_METHOD_MATCH = YES;
				"CODE_SIGN_IDENTITY[sdk=iphoneos*]" = "iPhone Developer";
				COPY_PHASE_STRIP = NO;
				ENABLE_STRICT_OBJC_MSGSEND = YES;
				GCC_C_LANGUAGE_STANDARD = gnu99;
				GCC_DYNAMIC_NO_PIC = NO;
				GCC_OPTIMIZATION_LEVEL = 0;
				GCC_PREPROCESSOR_DEFINITIONS = (
					"DEBUG=1",
					"$(inherited)",
				);
				GCC_SYMBOLS_PRIVATE_EXTERN = NO;
				GCC_WARN_64_TO_32_BIT_CONVERSION = YES;
				GCC_WARN_ABOUT_RETURN_TYPE = YES_ERROR;
				GCC_WARN_UNDECLARED_SELECTOR = YES;
				GCC_WARN_UNINITIALIZED_AUTOS = YES_AGGRESSIVE;
				GCC_WARN_UNUSED_FUNCTION = YES;
				GCC_WARN_UNUSED_VARIABLE = YES;
				IPHONEOS_DEPLOYMENT_TARGET = 8.1;
				MTL_ENABLE_DEBUG_INFO = YES;
				ONLY_ACTIVE_ARCH = YES;
				SDKROOT = iphoneos;
			};
			name = Debug;
		};
		84EE8F491A0B4C430053369D /* Release */ = {
			isa = XCBuildConfiguration;
			buildSettings = {
				ALWAYS_SEARCH_USER_PATHS = NO;
				CLANG_CXX_LANGUAGE_STANDARD = "gnu++0x";
				CLANG_CXX_LIBRARY = "libc++";
				CLANG_ENABLE_MODULES = YES;
				CLANG_ENABLE_OBJC_ARC = YES;
				CLANG_WARN_BOOL_CONVERSION = YES;
				CLANG_WARN_CONSTANT_CONVERSION = YES;
				CLANG_WARN_DIRECT_OBJC_ISA_USAGE = YES_ERROR;
				CLANG_WARN_EMPTY_BODY = YES;
				CLANG_WARN_ENUM_CONVERSION = YES;
				CLANG_WARN_INT_CONVERSION = YES;
				CLANG_WARN_OBJC_ROOT_CLASS = YES_ERROR;
				CLANG_WARN_UNREACHABLE_CODE = YES;
				CLANG_WARN__DUPLICATE_METHOD_MATCH = YES;
				"CODE_SIGN_IDENTITY[sdk=iphoneos*]" = "iPhone Developer";
				COPY_PHASE_STRIP = YES;
				ENABLE_NS_ASSERTIONS = NO;
				ENABLE_STRICT_OBJC_MSGSEND = YES;
				GCC_C_LANGUAGE_STANDARD = gnu99;
				GCC_WARN_64_TO_32_BIT_CONVERSION = YES;
				GCC_WARN_ABOUT_RETURN_TYPE = YES_ERROR;
				GCC_WARN_UNDECLARED_SELECTOR = YES;
				GCC_WARN_UNINITIALIZED_AUTOS = YES_AGGRESSIVE;
				GCC_WARN_UNUSED_FUNCTION = YES;
				GCC_WARN_UNUSED_VARIABLE = YES;
				IPHONEOS_DEPLOYMENT_TARGET = 8.1;
				MTL_ENABLE_DEBUG_INFO = NO;
				SDKROOT = iphoneos;
				VALIDATE_PRODUCT = YES;
			};
			name = Release;
		};
		84EE8F4B1A0B4C430053369D /* Debug */ = {
			isa = XCBuildConfiguration;
			buildSettings = {
				ASSETCATALOG_COMPILER_APPICON_NAME = AppIcon;
				FRAMEWORK_SEARCH_PATHS = (
					"$(inherited)",
					"$(PROJECT_DIR)/CustomUITestApp",
				);
				INFOPLIST_FILE = CustomUITestApp/Info.plist;
				LD_RUNPATH_SEARCH_PATHS = "$(inherited) @executable_path/Frameworks";
				LIBRARY_SEARCH_PATHS = (
					"$(inherited)",
					"$(PROJECT_DIR)/CustomUITestApp",
				);
				PRODUCT_NAME = "$(TARGET_NAME)";
			};
			name = Debug;
		};
		84EE8F4C1A0B4C430053369D /* Release */ = {
			isa = XCBuildConfiguration;
			buildSettings = {
				ASSETCATALOG_COMPILER_APPICON_NAME = AppIcon;
				FRAMEWORK_SEARCH_PATHS = (
					"$(inherited)",
					"$(PROJECT_DIR)/CustomUITestApp",
				);
				INFOPLIST_FILE = CustomUITestApp/Info.plist;
				LD_RUNPATH_SEARCH_PATHS = "$(inherited) @executable_path/Frameworks";
				LIBRARY_SEARCH_PATHS = (
					"$(inherited)",
					"$(PROJECT_DIR)/CustomUITestApp",
				);
				PRODUCT_NAME = "$(TARGET_NAME)";
			};
			name = Release;
		};
		84EE8F4E1A0B4C430053369D /* Debug */ = {
			isa = XCBuildConfiguration;
			buildSettings = {
				BUNDLE_LOADER = "$(TEST_HOST)";
				FRAMEWORK_SEARCH_PATHS = (
					"$(SDKROOT)/Developer/Library/Frameworks",
					"$(inherited)",
				);
				GCC_PREPROCESSOR_DEFINITIONS = (
					"DEBUG=1",
					"$(inherited)",
				);
				INFOPLIST_FILE = CustomUITestAppTests/Info.plist;
				LD_RUNPATH_SEARCH_PATHS = "$(inherited) @executable_path/Frameworks @loader_path/Frameworks";
				PRODUCT_NAME = "$(TARGET_NAME)";
				TEST_HOST = "$(BUILT_PRODUCTS_DIR)/CustomUITestApp.app/CustomUITestApp";
			};
			name = Debug;
		};
		84EE8F4F1A0B4C430053369D /* Release */ = {
			isa = XCBuildConfiguration;
			buildSettings = {
				BUNDLE_LOADER = "$(TEST_HOST)";
				FRAMEWORK_SEARCH_PATHS = (
					"$(SDKROOT)/Developer/Library/Frameworks",
					"$(inherited)",
				);
				INFOPLIST_FILE = CustomUITestAppTests/Info.plist;
				LD_RUNPATH_SEARCH_PATHS = "$(inherited) @executable_path/Frameworks @loader_path/Frameworks";
				PRODUCT_NAME = "$(TARGET_NAME)";
				TEST_HOST = "$(BUILT_PRODUCTS_DIR)/CustomUITestApp.app/CustomUITestApp";
			};
			name = Release;
		};
/* End XCBuildConfiguration section */

/* Begin XCConfigurationList section */
		84EE8F221A0B4C430053369D /* Build configuration list for PBXProject "CustomUITestApp" */ = {
			isa = XCConfigurationList;
			buildConfigurations = (
				84EE8F481A0B4C430053369D /* Debug */,
				84EE8F491A0B4C430053369D /* Release */,
			);
			defaultConfigurationIsVisible = 0;
			defaultConfigurationName = Release;
		};
		84EE8F4A1A0B4C430053369D /* Build configuration list for PBXNativeTarget "CustomUITestApp" */ = {
			isa = XCConfigurationList;
			buildConfigurations = (
				84EE8F4B1A0B4C430053369D /* Debug */,
				84EE8F4C1A0B4C430053369D /* Release */,
			);
			defaultConfigurationIsVisible = 0;
		};
		84EE8F4D1A0B4C430053369D /* Build configuration list for PBXNativeTarget "CustomUITestAppTests" */ = {
			isa = XCConfigurationList;
			buildConfigurations = (
				84EE8F4E1A0B4C430053369D /* Debug */,
				84EE8F4F1A0B4C430053369D /* Release */,
			);
			defaultConfigurationIsVisible = 0;
		};
/* End XCConfigurationList section */
	};
	rootObject = 84EE8F1F1A0B4C430053369D /* Project object */;
}
